
Microsoft Visual Studio Solution File, Format Version 12.00
# Visual Studio Version 17
VisualStudioVersion = 17.3.32929.385
MinimumVisualStudioVersion = 10.0.40219.1
Project("{8BC9CEB8-8B4A-11D0-8D11-00A0C91BC942}") = "11x  Question 2", "11x  Question 2.vcxproj", "{785198C3-565E-4AD5-B63C-66BAD38F6867}"
EndProject
Global
	GlobalSection(SolutionConfigurationPlatforms) = preSolution
		Debug|x64 = Debug|x64
		Debug|x86 = Debug|x86
		Release|x64 = Release|x64
		Release|x86 = Release|x86
	EndGlobalSection
	GlobalSection(ProjectConfigurationPlatforms) = postSolution
		{785198C3-565E-4AD5-B63C-66BAD38F6867}.Debug|x64.ActiveCfg = Debug|x64
		{785198C3-565E-4AD5-B63C-66BAD38F6867}.Debug|x64.Build.0 = Debug|x64
		{785198C3-565E-4AD5-B63C-66BAD38F6867}.Debug|x86.ActiveCfg = Debug|Win32
		{785198C3-565E-4AD5-B63C-66BAD38F6867}.Debug|x86.Build.0 = Debug|Win32
		{785198C3-565E-4AD5-B63C-66BAD38F6867}.Release|x64.ActiveCfg = Release|x64
		{785198C3-565E-4AD5-B63C-66BAD38F6867}.Release|x64.Build.0 = Release|x64
		{785198C3-565E-4AD5-B63C-66BAD38F6867}.Release|x86.ActiveCfg = Release|Win32
		{785198C3-565E-4AD5-B63C-66BAD38F6867}.Release|x86.Build.0 = Release|Win32
	EndGlobalSection
	GlobalSection(SolutionProperties) = preSolution
		HideSolutionNode = FALSE
	EndGlobalSection
	GlobalSection(ExtensibilityGlobals) = postSolution
		SolutionGuid = {232C3DA0-A910-423A-A8A7-3753056F4116}
	EndGlobalSection
EndGlobal
